{
  "lockfile_version": "1",
  "packages": {
    "libxkbcommon@latest": {
      "last_modified": "2024-07-18T22:08:26Z",
      "resolved": "github:NixOS/nixpkgs/cfa5366588c940ab6ee3bee399b337175545c664#libxkbcommon",
      "source": "devbox-search",
      "version": "1.7.0",
      "systems": {
        "aarch64-darwin": {
          "outputs": [
            {
              "name": "out",
              "path": "/nix/store/szr1iv3fs7pl7g1rfnzcxh5jrbb38zsl-libxkbcommon-1.7.0",
              "default": true
            },
            {
              "name": "dev",
              "path": "/nix/store/7k4lqg2yld0csj08clnd28vg300q1pq3-libxkbcommon-1.7.0-dev"
            },
            {
              "name": "doc",
              "path": "/nix/store/pa4mlvy8nflgkynnq1hb4ckjr84qy6v0-libxkbcommon-1.7.0-doc"
            }
          ],
          "store_path": "/nix/store/szr1iv3fs7pl7g1rfnzcxh5jrbb38zsl-libxkbcommon-1.7.0"
        },
        "aarch64-linux": {
          "outputs": [
            {
              "name": "out",
              "path": "/nix/store/bgddr6p4spylrmj4av8dlc22j5r2vbgx-libxkbcommon-1.7.0",
              "default": true
            },
            {
              "name": "dev",
              "path": "/nix/store/akfmbzc3xdn4cag2zrhcgnbpzpbk35fl-libxkbcommon-1.7.0-dev"
            },
            {
              "name": "doc",
              "path": "/nix/store/ihw3d2fa9lxwmm1x7pfjnc6lkx25dq4d-libxkbcommon-1.7.0-doc"
            }
          ],
          "store_path": "/nix/store/bgddr6p4spylrmj4av8dlc22j5r2vbgx-libxkbcommon-1.7.0"
        },
        "x86_64-darwin": {
          "outputs": [
            {
              "name": "out",
              "path": "/nix/store/7lym4f4qmnl0va0za4hhwd40nriml38n-libxkbcommon-1.7.0",
              "default": true
            },
            {
              "name": "doc",
              "path": "/nix/store/j3acymrx8bqpslcnhkzk6rwkn4brgi57-libxkbcommon-1.7.0-doc"
            },
            {
              "name": "dev",
              "path": "/nix/store/7jcd5zx6ayzv835blqg6yvy71jkh3r2i-libxkbcommon-1.7.0-dev"
            }
          ],
          "store_path": "/nix/store/7lym4f4qmnl0va0za4hhwd40nriml38n-libxkbcommon-1.7.0"
        },
        "x86_64-linux": {
          "outputs": [
            {
              "name": "out",
              "path": "/nix/store/dmz152ivgpngvvd76gjpdicg3vallny8-libxkbcommon-1.7.0",
              "default": true
            },
            {
              "name": "dev",
              "path": "/nix/store/spb8bqkgqxpn0hf4nblwfwdfgx9k4npg-libxkbcommon-1.7.0-dev"
            },
            {
              "name": "doc",
              "path": "/nix/store/syry8w6n845vr8a0r4hlsjbr7113jq1n-libxkbcommon-1.7.0-doc"
            }
          ],
          "store_path": "/nix/store/dmz152ivgpngvvd76gjpdicg3vallny8-libxkbcommon-1.7.0"
        }
      }
    },
    "openssl@latest": {
      "last_modified": "2024-07-27T00:41:21Z",
      "resolved": "github:NixOS/nixpkgs/48bacf585a51d953def8bff32087970f273052e2#openssl",
      "source": "devbox-search",
      "version": "3.0.14",
      "systems": {
        "aarch64-darwin": {
          "outputs": [
            {
              "name": "bin",
              "path": "/nix/store/a8n5gngrqgalv42a4dj4cfvjzdnxm4ir-openssl-3.0.14-bin",
              "default": true
            },
            {
              "name": "man",
              "path": "/nix/store/mxbdpiw2aiwwqr4nagrfx784fz10c2rq-openssl-3.0.14-man",
              "default": true
            },
            {
              "name": "dev",
              "path": "/nix/store/7fwcz4y37jj6ms17yj9hwqbmhzjaxhj9-openssl-3.0.14-dev"
            },
            {
              "name": "doc",
              "path": "/nix/store/52r0kgi0j84maf347mjjh158srqan2b1-openssl-3.0.14-doc"
            },
            {
              "name": "out",
              "path": "/nix/store/v8asmv9z7diqqfj8x8qcja73bqyklvaj-openssl-3.0.14"
            }
          ],
          "store_path": "/nix/store/a8n5gngrqgalv42a4dj4cfvjzdnxm4ir-openssl-3.0.14-bin"
        },
        "aarch64-linux": {
          "outputs": [
            {
              "name": "bin",
              "path": "/nix/store/14rhbwlby3i656s1ym2dfx3p0zmhjvaz-openssl-3.0.14-bin",
              "default": true
            },
            {
              "name": "man",
              "path": "/nix/store/z3m8x476ajsnlyzw6v8mpplmkyiq0cfy-openssl-3.0.14-man",
              "default": true
            },
            {
              "name": "debug",
              "path": "/nix/store/r7imjgjm88pgyhbv180ll5vrh5a627jz-openssl-3.0.14-debug"
            },
            {
              "name": "dev",
              "path": "/nix/store/46v6p7i5202q5sxr790609a97f5zfxp8-openssl-3.0.14-dev"
            },
            {
              "name": "doc",
              "path": "/nix/store/lsrcxq3fh1lnwa78lcgii9qk3f25wlif-openssl-3.0.14-doc"
            },
            {
              "name": "out",
              "path": "/nix/store/ksvhi1mad9g0gnkw065c40dhw4ajx1kq-openssl-3.0.14"
            }
          ],
          "store_path": "/nix/store/14rhbwlby3i656s1ym2dfx3p0zmhjvaz-openssl-3.0.14-bin"
        },
        "x86_64-darwin": {
          "outputs": [
            {
              "name": "bin",
              "path": "/nix/store/mg931ddpb31qrwhyfd4agj9x0plcps8a-openssl-3.0.14-bin",
              "default": true
            },
            {
              "name": "man",
              "path": "/nix/store/cazz5x8jnx9s2dh28y0ivwnbzwwj49ys-openssl-3.0.14-man",
              "default": true
            },
            {
              "name": "dev",
              "path": "/nix/store/xh1plxvqh8b1zqnwhi6zf7nxskmj3v57-openssl-3.0.14-dev"
            },
            {
              "name": "doc",
              "path": "/nix/store/0463xcyky1jgj6l3qmy27a1a6m7j0wjl-openssl-3.0.14-doc"
            },
            {
              "name": "out",
              "path": "/nix/store/my6mx7wia27hsz1syj5islaysdndn0nx-openssl-3.0.14"
            }
          ],
          "store_path": "/nix/store/mg931ddpb31qrwhyfd4agj9x0plcps8a-openssl-3.0.14-bin"
        },
        "x86_64-linux": {
          "outputs": [
            {
              "name": "bin",
              "path": "/nix/store/ppfzl2wqzs7ljfj0dxypcvrhr9x6ka3f-openssl-3.0.14-bin",
              "default": true
            },
            {
              "name": "man",
              "path": "/nix/store/jj233vb30i2ip0sh66gjwnaiwhc922sc-openssl-3.0.14-man",
              "default": true
            },
            {
              "name": "debug",
              "path": "/nix/store/zljr676hsm18fm9kgwimlgd2f3bvfd2c-openssl-3.0.14-debug"
            },
            {
              "name": "dev",
              "path": "/nix/store/dp6821c0s4bbmmws3lc6nicz09lnjlgl-openssl-3.0.14-dev"
            },
            {
              "name": "doc",
              "path": "/nix/store/wd0mnx1vhf5qg99329fsh4sfmzg49bs3-openssl-3.0.14-doc"
            },
            {
              "name": "out",
              "path": "/nix/store/jv2p6cmx23ihj5y4r98wnn2nmv4qhfh5-openssl-3.0.14"
            }
          ],
          "store_path": "/nix/store/ppfzl2wqzs7ljfj0dxypcvrhr9x6ka3f-openssl-3.0.14-bin"
        }
      }
    },
    "pkg-config@latest": {
      "last_modified": "2024-07-07T07:43:47Z",
      "resolved": "github:NixOS/nixpkgs/b60793b86201040d9dee019a05089a9150d08b5b#pkg-config",
      "source": "devbox-search",
      "version": "0.29.2",
      "systems": {
        "aarch64-darwin": {
          "outputs": [
            {
              "name": "out",
              "path": "/nix/store/za4f93a3jwv93gi14pnif2k7903fi37b-pkg-config-wrapper-0.29.2",
              "default": true
            },
            {
              "name": "man",
              "path": "/nix/store/znl9gp3hkqr23zdfv3fh3gxkfbi9dmf4-pkg-config-wrapper-0.29.2-man",
              "default": true
            },
            {
              "name": "doc",
              "path": "/nix/store/ny0rvrxybm8ddks5mbskwjvhzab1q99v-pkg-config-wrapper-0.29.2-doc"
            }
          ],
          "store_path": "/nix/store/za4f93a3jwv93gi14pnif2k7903fi37b-pkg-config-wrapper-0.29.2"
        },
        "aarch64-linux": {
          "outputs": [
            {
              "name": "out",
              "path": "/nix/store/38c7p07s039xwbk0qhn5g410xd2ymp5s-pkg-config-wrapper-0.29.2",
              "default": true
            },
            {
              "name": "man",
              "path": "/nix/store/vdy7cxnsnq4gv4wncqh07p9awvxavap6-pkg-config-wrapper-0.29.2-man",
              "default": true
            },
            {
              "name": "doc",
              "path": "/nix/store/l9wmrmddfc9qyhc34nj42mrikai1axvc-pkg-config-wrapper-0.29.2-doc"
            }
          ],
          "store_path": "/nix/store/38c7p07s039xwbk0qhn5g410xd2ymp5s-pkg-config-wrapper-0.29.2"
        },
        "x86_64-darwin": {
          "outputs": [
            {
              "name": "out",
              "path": "/nix/store/4h16aa9933dsligy6bngwkciggyrvim2-pkg-config-wrapper-0.29.2",
              "default": true
            },
            {
              "name": "man",
              "path": "/nix/store/c1qypj3z41d792wzkbh1z6gjqxilhwr8-pkg-config-wrapper-0.29.2-man",
              "default": true
            },
            {
              "name": "doc",
              "path": "/nix/store/288gl4iwzd2i7jrfa4rq1b3z9r1hqvf8-pkg-config-wrapper-0.29.2-doc"
            }
          ],
          "store_path": "/nix/store/4h16aa9933dsligy6bngwkciggyrvim2-pkg-config-wrapper-0.29.2"
        },
        "x86_64-linux": {
          "outputs": [
            {
              "name": "out",
              "path": "/nix/store/d7gxj7i9zr04mgf819k34vm5dzxgxjzn-pkg-config-wrapper-0.29.2",
              "default": true
            },
            {
              "name": "man",
              "path": "/nix/store/15xwcvv749bk2xqwil59l4bgn4qk5mii-pkg-config-wrapper-0.29.2-man",
              "default": true
            },
            {
              "name": "doc",
              "path": "/nix/store/d978wasbyghkk0rj2kx0m8dara25k21x-pkg-config-wrapper-0.29.2-doc"
            }
          ],
          "store_path": "/nix/store/d7gxj7i9zr04mgf819k34vm5dzxgxjzn-pkg-config-wrapper-0.29.2"
        }
      }
    },
    "rustup@latest": {
      "last_modified": "2024-07-07T07:43:47Z",
      "plugin_version": "0.0.1",
      "resolved": "github:NixOS/nixpkgs/b60793b86201040d9dee019a05089a9150d08b5b#rustup",
      "source": "devbox-search",
      "version": "1.26.0",
      "systems": {
        "aarch64-darwin": {
          "outputs": [
            {
              "name": "out",
              "path": "/nix/store/9fcngl4lj7lakajafyfpwddigy5x7xz3-rustup-1.26.0",
              "default": true
            }
          ],
          "store_path": "/nix/store/9fcngl4lj7lakajafyfpwddigy5x7xz3-rustup-1.26.0"
        },
        "aarch64-linux": {
          "outputs": [
            {
              "name": "out",
              "path": "/nix/store/9zp7146714iwf140fapdi0mgb86yds92-rustup-1.26.0",
              "default": true
            }
          ],
          "store_path": "/nix/store/9zp7146714iwf140fapdi0mgb86yds92-rustup-1.26.0"
        },
        "x86_64-darwin": {
          "outputs": [
            {
              "name": "out",
              "path": "/nix/store/vj2nv91k8wpk63iyjk93y1b7fflmbjm9-rustup-1.26.0",
              "default": true
            }
          ],
          "store_path": "/nix/store/vj2nv91k8wpk63iyjk93y1b7fflmbjm9-rustup-1.26.0"
        },
        "x86_64-linux": {
          "outputs": [
            {
              "name": "out",
              "path": "/nix/store/crphpnlzwspccbflgfakqm45hfxw1sdx-rustup-1.26.0",
              "default": true
            }
          ],
          "store_path": "/nix/store/crphpnlzwspccbflgfakqm45hfxw1sdx-rustup-1.26.0"
        }
      }
    },
    "udev@latest": {
      "last_modified": "2023-02-24T09:01:09Z",
      "resolved": "github:NixOS/nixpkgs/7d0ed7f2e5aea07ab22ccb338d27fbe347ed2f11#udev",
      "source": "devbox-search",
      "version": "252.5"
    },
    "vulkan-headers@latest": {
      "last_modified": "2024-07-07T07:43:47Z",
      "resolved": "github:NixOS/nixpkgs/b60793b86201040d9dee019a05089a9150d08b5b#vulkan-headers",
      "source": "devbox-search",
      "version": "1.3.283.0",
      "systems": {
        "aarch64-darwin": {
          "outputs": [
            {
              "name": "out",
              "path": "/nix/store/g7qjzgmz9981v3qjc8bcdl2n7nq9k6if-vulkan-headers-1.3.283.0",
              "default": true
            }
          ],
          "store_path": "/nix/store/g7qjzgmz9981v3qjc8bcdl2n7nq9k6if-vulkan-headers-1.3.283.0"
        },
        "aarch64-linux": {
          "outputs": [
            {
              "name": "out",
              "path": "/nix/store/2jyqawvhg0lrkr5fjqwrixzl7vv4if9b-vulkan-headers-1.3.283.0",
              "default": true
            }
          ],
          "store_path": "/nix/store/2jyqawvhg0lrkr5fjqwrixzl7vv4if9b-vulkan-headers-1.3.283.0"
        },
        "x86_64-darwin": {
          "outputs": [
            {
              "name": "out",
              "path": "/nix/store/c78sg6imz3rpg8msnkg093j9qzqji8pi-vulkan-headers-1.3.283.0",
              "default": true
            }
          ],
          "store_path": "/nix/store/c78sg6imz3rpg8msnkg093j9qzqji8pi-vulkan-headers-1.3.283.0"
        },
        "x86_64-linux": {
          "outputs": [
            {
              "name": "out",
              "path": "/nix/store/gimcszjq5z1d0v57ycxh4ivx2n9mpr2b-vulkan-headers-1.3.283.0",
              "default": true
            }
          ],
          "store_path": "/nix/store/gimcszjq5z1d0v57ycxh4ivx2n9mpr2b-vulkan-headers-1.3.283.0"
        }
      }
    },
    "vulkan-loader@latest": {
      "last_modified": "2024-07-07T07:43:47Z",
      "resolved": "github:NixOS/nixpkgs/b60793b86201040d9dee019a05089a9150d08b5b#vulkan-loader",
      "source": "devbox-search",
      "version": "1.3.283.0",
      "systems": {
        "aarch64-darwin": {
          "outputs": [
            {
              "name": "out",
              "path": "/nix/store/yvir9di9i986yxp6pg9nw8vj9ki3i1k0-vulkan-loader-1.3.283.0",
              "default": true
            },
            {
              "name": "dev",
              "path": "/nix/store/03hwgswqlw1ajgvffgm02s74amj50bwz-vulkan-loader-1.3.283.0-dev"
            }
          ],
          "store_path": "/nix/store/yvir9di9i986yxp6pg9nw8vj9ki3i1k0-vulkan-loader-1.3.283.0"
        },
        "aarch64-linux": {
          "outputs": [
            {
              "name": "out",
              "path": "/nix/store/gc0iwd2sdmg606zxhcqwayni0s4igbmi-vulkan-loader-1.3.283.0",
              "default": true
            },
            {
              "name": "dev",
              "path": "/nix/store/xd5xdrqpvsb6vgswxvmylihck33cxqxr-vulkan-loader-1.3.283.0-dev"
            }
          ],
          "store_path": "/nix/store/gc0iwd2sdmg606zxhcqwayni0s4igbmi-vulkan-loader-1.3.283.0"
        },
        "x86_64-darwin": {
          "outputs": [
            {
              "name": "out",
              "path": "/nix/store/3nrv3pr9lg622nvgsc9lwlsm54a1835q-vulkan-loader-1.3.283.0",
              "default": true
            },
            {
              "name": "dev",
              "path": "/nix/store/5b5vxnnyvirlynhbkxwjj1f7xirrap9v-vulkan-loader-1.3.283.0-dev"
            }
          ],
          "store_path": "/nix/store/3nrv3pr9lg622nvgsc9lwlsm54a1835q-vulkan-loader-1.3.283.0"
        },
        "x86_64-linux": {
          "outputs": [
            {
              "name": "out",
              "path": "/nix/store/k1xq1xkq4sg9p7qrbf4z7y6n78bkrpak-vulkan-loader-1.3.283.0",
              "default": true
            },
            {
              "name": "dev",
              "path": "/nix/store/261wr2x86br1x8s3cbyy7zkyhkmvsph8-vulkan-loader-1.3.283.0-dev"
            }
          ],
          "store_path": "/nix/store/k1xq1xkq4sg9p7qrbf4z7y6n78bkrpak-vulkan-loader-1.3.283.0"
        }
      }
    },
    "vulkan-tools@latest": {
      "last_modified": "2024-07-07T07:43:47Z",
      "resolved": "github:NixOS/nixpkgs/b60793b86201040d9dee019a05089a9150d08b5b#vulkan-tools",
      "source": "devbox-search",
      "version": "1.3.283.0",
      "systems": {
        "aarch64-darwin": {
          "outputs": [
            {
              "name": "out",
              "path": "/nix/store/0lvcms9fcwxkzwvnwk29k27f56pwilik-vulkan-tools-1.3.283.0",
              "default": true
            }
          ],
          "store_path": "/nix/store/0lvcms9fcwxkzwvnwk29k27f56pwilik-vulkan-tools-1.3.283.0"
        },
        "aarch64-linux": {
          "outputs": [
            {
              "name": "out",
              "path": "/nix/store/aisgx57hlbmbpf5bhpqy0z6wl49wid1v-vulkan-tools-1.3.283.0",
              "default": true
            }
          ],
          "store_path": "/nix/store/aisgx57hlbmbpf5bhpqy0z6wl49wid1v-vulkan-tools-1.3.283.0"
        },
        "x86_64-darwin": {
          "outputs": [
            {
              "name": "out",
              "path": "/nix/store/crga7qf5kxf6ngvbnndhrwjz5iiq3bww-vulkan-tools-1.3.283.0",
              "default": true
            }
          ],
          "store_path": "/nix/store/crga7qf5kxf6ngvbnndhrwjz5iiq3bww-vulkan-tools-1.3.283.0"
        },
        "x86_64-linux": {
          "outputs": [
            {
              "name": "out",
              "path": "/nix/store/cp95m7yxwycs77jsv849y5ddqgisyfk6-vulkan-tools-1.3.283.0",
              "default": true
            }
          ],
          "store_path": "/nix/store/cp95m7yxwycs77jsv849y5ddqgisyfk6-vulkan-tools-1.3.283.0"
        }
      }
    },
    "vulkan-validation-layers@latest": {
      "last_modified": "2024-07-07T07:43:47Z",
      "resolved": "github:NixOS/nixpkgs/b60793b86201040d9dee019a05089a9150d08b5b#vulkan-validation-layers",
      "source": "devbox-search",
      "version": "1.3.283.0",
      "systems": {
        "aarch64-linux": {
          "outputs": [
            {
              "name": "out",
              "path": "/nix/store/2r6r4g8ji6gh29mpi1iyr9r9r6paqq93-vulkan-validation-layers-1.3.283.0",
              "default": true
            },
            {
              "name": "debug",
              "path": "/nix/store/8mzzy89ixpx94g9a8yv114x28r8wbal2-vulkan-validation-layers-1.3.283.0-debug"
            }
          ],
          "store_path": "/nix/store/2r6r4g8ji6gh29mpi1iyr9r9r6paqq93-vulkan-validation-layers-1.3.283.0"
        },
        "x86_64-linux": {
          "outputs": [
            {
              "name": "out",
              "path": "/nix/store/q8fxzaq17hk24zhpjwg119h47labwqj1-vulkan-validation-layers-1.3.283.0",
              "default": true
            },
            {
              "name": "debug",
              "path": "/nix/store/6kydkpgnh869mxda7k370pncsycqnyif-vulkan-validation-layers-1.3.283.0-debug"
            }
          ],
          "store_path": "/nix/store/q8fxzaq17hk24zhpjwg119h47labwqj1-vulkan-validation-layers-1.3.283.0"
        }
      }
    },
    "xorg.libX11@latest": {
      "last_modified": "2024-07-07T07:43:47Z",
      "resolved": "github:NixOS/nixpkgs/b60793b86201040d9dee019a05089a9150d08b5b#xorg.libX11",
      "source": "devbox-search",
      "version": "1.8.9",
      "systems": {
        "aarch64-darwin": {
          "outputs": [
            {
              "name": "out",
              "path": "/nix/store/38yvirdz78h3fimk7rm388z5rslaamxz-libX11-1.8.9",
              "default": true
            },
            {
              "name": "man",
              "path": "/nix/store/k31zx4hi1mhapsq7kz1h08a395fb5xw7-libX11-1.8.9-man",
              "default": true
            },
            {
              "name": "dev",
              "path": "/nix/store/9da69vb73klz4f12prhxgfyaa95lfg87-libX11-1.8.9-dev"
            }
          ],
          "store_path": "/nix/store/38yvirdz78h3fimk7rm388z5rslaamxz-libX11-1.8.9"
        },
        "aarch64-linux": {
          "outputs": [
            {
              "name": "out",
              "path": "/nix/store/i7xqm7nca3x94c4pxlk37apn9y760dxi-libX11-1.8.9",
              "default": true
            },
            {
              "name": "man",
              "path": "/nix/store/0ysz0d5alcnc9zydijhb25vfj822h3mx-libX11-1.8.9-man",
              "default": true
            },
            {
              "name": "dev",
              "path": "/nix/store/8g0phpsk93vidk152v7achd3n29g0bbf-libX11-1.8.9-dev"
            }
          ],
          "store_path": "/nix/store/i7xqm7nca3x94c4pxlk37apn9y760dxi-libX11-1.8.9"
        },
        "x86_64-darwin": {
          "outputs": [
            {
              "name": "out",
              "path": "/nix/store/rl1z35w5rwwzn7zlrqk8bxkbif9im4bi-libX11-1.8.9",
              "default": true
            },
            {
              "name": "man",
              "path": "/nix/store/1i3wz0xpkc6npfrdk81rdnradhf5hwij-libX11-1.8.9-man",
              "default": true
            },
            {
              "name": "dev",
              "path": "/nix/store/4kyc0mdh899n67vaxbdykrcch45mwqk9-libX11-1.8.9-dev"
            }
          ],
          "store_path": "/nix/store/rl1z35w5rwwzn7zlrqk8bxkbif9im4bi-libX11-1.8.9"
        },
        "x86_64-linux": {
          "outputs": [
            {
              "name": "out",
              "path": "/nix/store/b3sjqm35cp6yi6j5cddb893cigzcpcln-libX11-1.8.9",
              "default": true
            },
            {
              "name": "man",
              "path": "/nix/store/y2wlr6dsnfdbdyx0sf37wxk1r8jd38n7-libX11-1.8.9-man",
              "default": true
            },
            {
              "name": "dev",
              "path": "/nix/store/v9v1r4qdj832152fr2hl689lx7fkwnkj-libX11-1.8.9-dev"
            }
          ],
          "store_path": "/nix/store/b3sjqm35cp6yi6j5cddb893cigzcpcln-libX11-1.8.9"
        }
      }
    },
    "xorg.libXcursor@latest": {
      "last_modified": "2024-07-07T07:43:47Z",
      "resolved": "github:NixOS/nixpkgs/b60793b86201040d9dee019a05089a9150d08b5b#xorg.libXcursor",
      "source": "devbox-search",
      "version": "1.2.2",
      "systems": {
        "aarch64-darwin": {
          "outputs": [
            {
              "name": "out",
              "path": "/nix/store/99c28qrg25h7hg6s15vfgjc6gh3ddbpy-libXcursor-1.2.2",
              "default": true
            },
            {
              "name": "dev",
              "path": "/nix/store/01sv2s4kfxjwdfynqm5pr52iii2r5v8a-libXcursor-1.2.2-dev"
            }
          ],
          "store_path": "/nix/store/99c28qrg25h7hg6s15vfgjc6gh3ddbpy-libXcursor-1.2.2"
        },
        "aarch64-linux": {
          "outputs": [
            {
              "name": "out",
              "path": "/nix/store/avvxaix7k0fcj110qa12mqp60vpf4zdx-libXcursor-1.2.2",
              "default": true
            },
            {
              "name": "dev",
              "path": "/nix/store/d2fxqzz2x1nryhvinw1vxn7jlj8xfrqp-libXcursor-1.2.2-dev"
            }
          ],
          "store_path": "/nix/store/avvxaix7k0fcj110qa12mqp60vpf4zdx-libXcursor-1.2.2"
        },
        "x86_64-darwin": {
          "outputs": [
            {
              "name": "out",
              "path": "/nix/store/7ksl8jcq3sdxvsmjvapzp5vjs4ix622g-libXcursor-1.2.2",
              "default": true
            },
            {
              "name": "dev",
              "path": "/nix/store/p42xa0rgz8s3nmbn0iwagcjvl4bfvp58-libXcursor-1.2.2-dev"
            }
          ],
          "store_path": "/nix/store/7ksl8jcq3sdxvsmjvapzp5vjs4ix622g-libXcursor-1.2.2"
        },
        "x86_64-linux": {
          "outputs": [
            {
              "name": "out",
              "path": "/nix/store/v6p1lm3x4g7ca6q9fwn1p24iks584nsz-libXcursor-1.2.2",
              "default": true
            },
            {
              "name": "dev",
              "path": "/nix/store/77wnxz8dm0w2mpkkfklddj46mvkx0x0l-libXcursor-1.2.2-dev"
            }
          ],
          "store_path": "/nix/store/v6p1lm3x4g7ca6q9fwn1p24iks584nsz-libXcursor-1.2.2"
        }
      }
    },
    "xorg.libXi@latest": {
      "last_modified": "2024-07-26T05:01:57Z",
      "resolved": "github:NixOS/nixpkgs/733453ac54a40997a6a690b60f3942d79560247c#xorg.libXi",
      "source": "devbox-search",
      "version": "1.8.1",
      "systems": {
        "aarch64-darwin": {
          "outputs": [
            {
              "name": "out",
              "path": "/nix/store/yh73fyk6v54dlr7va5zh7hpf9vdgbi0d-libXi-1.8.1",
              "default": true
            },
            {
              "name": "man",
              "path": "/nix/store/609pb21111kkl36nniwyklycggiax0mc-libXi-1.8.1-man",
              "default": true
            },
            {
              "name": "doc",
              "path": "/nix/store/iw062h448hs76vys2fyxcd941f2ppada-libXi-1.8.1-doc"
            },
            {
              "name": "dev",
              "path": "/nix/store/x7pkxml8czda42dir34gb9lvlyrms7pq-libXi-1.8.1-dev"
            }
          ],
          "store_path": "/nix/store/yh73fyk6v54dlr7va5zh7hpf9vdgbi0d-libXi-1.8.1"
        },
        "aarch64-linux": {
          "outputs": [
            {
              "name": "out",
              "path": "/nix/store/s3497m4yalnr95d97dji0y5xkzc2k18d-libXi-1.8.1",
              "default": true
            },
            {
              "name": "man",
              "path": "/nix/store/p1n5y65dzr89aszx63p5k9cndbpmxfjb-libXi-1.8.1-man",
              "default": true
            },
            {
              "name": "dev",
              "path": "/nix/store/2li5j8r0kcdc222kmvacmj337jfmh5sy-libXi-1.8.1-dev"
            },
            {
              "name": "doc",
              "path": "/nix/store/fnf91lvlq0gf9hdjdgrvg9684vkamhbm-libXi-1.8.1-doc"
            }
          ],
          "store_path": "/nix/store/s3497m4yalnr95d97dji0y5xkzc2k18d-libXi-1.8.1"
        },
        "x86_64-darwin": {
          "outputs": [
            {
              "name": "out",
              "path": "/nix/store/ar4k7689n00gib8pwxf8qyym2lyqvqnv-libXi-1.8.1",
              "default": true
            },
            {
              "name": "man",
              "path": "/nix/store/wzz7za4czbjmmrdbhp1l5cr0b01hpi1l-libXi-1.8.1-man",
              "default": true
            },
            {
              "name": "dev",
              "path": "/nix/store/4a939bfvpf748ffjfmvpxwmawb4q9dqk-libXi-1.8.1-dev"
            },
            {
              "name": "doc",
              "path": "/nix/store/drbdj4mcbfqmpvvh28fs45jx6015yk51-libXi-1.8.1-doc"
            }
          ],
          "store_path": "/nix/store/ar4k7689n00gib8pwxf8qyym2lyqvqnv-libXi-1.8.1"
        },
        "x86_64-linux": {
          "outputs": [
            {
              "name": "out",
              "path": "/nix/store/jsvaajggagkvj186jcl3siyxwrvvwpzz-libXi-1.8.1",
              "default": true
            },
            {
              "name": "man",
              "path": "/nix/store/nfb79bkgx3mxx2ld3g8yn5kdpmav4say-libXi-1.8.1-man",
              "default": true
            },
            {
              "name": "dev",
              "path": "/nix/store/47rrx60rx7dg0h0sjm5b955a6xglqllh-libXi-1.8.1-dev"
            },
            {
              "name": "doc",
              "path": "/nix/store/j469rk0n68vbr5d8jziqxr1kvx9skfmx-libXi-1.8.1-doc"
            }
          ],
          "store_path": "/nix/store/jsvaajggagkvj186jcl3siyxwrvvwpzz-libXi-1.8.1"
        }
      }
    },
    "xorg.libXrandr@latest": {
      "last_modified": "2024-07-07T07:43:47Z",
      "resolved": "github:NixOS/nixpkgs/b60793b86201040d9dee019a05089a9150d08b5b#xorg.libXrandr",
      "source": "devbox-search",
      "version": "1.5.4",
      "systems": {
        "aarch64-darwin": {
          "outputs": [
            {
              "name": "out",
              "path": "/nix/store/7ld3r773nl8maldiz408ga47jy7kbpj6-libXrandr-1.5.4",
              "default": true
            },
            {
              "name": "dev",
              "path": "/nix/store/x6f751hrfr0nr004nwdby4444hgbd8y9-libXrandr-1.5.4-dev"
            }
          ],
          "store_path": "/nix/store/7ld3r773nl8maldiz408ga47jy7kbpj6-libXrandr-1.5.4"
        },
        "aarch64-linux": {
          "outputs": [
            {
              "name": "out",
              "path": "/nix/store/v4nw5jpr5xk0viaazvvkx1zgvxw5fsy1-libXrandr-1.5.4",
              "default": true
            },
            {
              "name": "dev",
              "path": "/nix/store/y39dxhck1z83hjdnp4rfh7b6kfgacgfr-libXrandr-1.5.4-dev"
            }
          ],
          "store_path": "/nix/store/v4nw5jpr5xk0viaazvvkx1zgvxw5fsy1-libXrandr-1.5.4"
        },
        "x86_64-darwin": {
          "outputs": [
            {
              "name": "out",
              "path": "/nix/store/64wjzd37gy2g4lmfdyx8bf49l2z73q0h-libXrandr-1.5.4",
              "default": true
            },
            {
              "name": "dev",
              "path": "/nix/store/p44x2mhrk244h8x5y7aw33l9hbkz16w8-libXrandr-1.5.4-dev"
            }
          ],
          "store_path": "/nix/store/64wjzd37gy2g4lmfdyx8bf49l2z73q0h-libXrandr-1.5.4"
        },
        "x86_64-linux": {
          "outputs": [
            {
              "name": "out",
              "path": "/nix/store/pari61fna4cpzzlb0xxd4izpsfnx7gw2-libXrandr-1.5.4",
              "default": true
            },
            {
              "name": "dev",
              "path": "/nix/store/rfrzyaqnyr51jvgghvr766g7z1d4f43p-libXrandr-1.5.4-dev"
            }
          ],
          "store_path": "/nix/store/pari61fna4cpzzlb0xxd4izpsfnx7gw2-libXrandr-1.5.4"
        }
      }
    }
  }
}
